version = 1
requires-python = ">=3.9, <4"

[options]
prerelease-mode = "allow"

[[package]]
name = "app"
version = "0.1.0"
source = { virtual = "." }
dependencies = [
    { name = "jaeger-client" },
]

[package.metadata]
requires-dist = [{ name = "jaeger-client", specifier = "==4.8.0" }]

[[package]]
name = "jaeger-client"
version = "4.8.0"
source = { registry = "https://pypi.org/simple" }
dependencies = [
    { name = "opentracing" },
    { name = "threadloop" },
    { name = "thrift" },
    { name = "tornado" },
]
sdist = { url = "https://files.pythonhosted.org/packages/c6/03/39a1190c987635e2293e59ff462ee9884fdd6184d2c5a25c867b250e6609/jaeger-client-4.8.0.tar.gz", hash = "sha256:3157836edab8e2c209bd2d6ae61113db36f7ee399e66b1dcbb715d87ab49bfe0", size = 87365 }

[[package]]
name = "opentracing"
version = "2.4.0"
source = { registry = "https://pypi.org/simple" }
sdist = { url = "https://files.pythonhosted.org/packages/51/28/2dba4e3efb64cc59d4311081a5ddad1dde20a19b69cd0f677cdb2f2c29a6/opentracing-2.4.0.tar.gz", hash = "sha256:a173117e6ef580d55874734d1fa7ecb6f3655160b8b8974a2a1e98e5ec9c840d", size = 46228 }

[[package]]
name = "six"
version = "1.16.0"
source = { registry = "https://pypi.org/simple" }
sdist = { url = "https://files.pythonhosted.org/packages/71/39/171f1c67cd00715f190ba0b100d606d440a28c93c7714febeca8b79af85e/six-1.16.0.tar.gz", hash = "sha256:1e61c37477a1626458e36f7b1d82aa5c9b094fa4802892072e49de9c60c4c926", size = 34041 }
wheels = [
    { url = "https://files.pythonhosted.org/packages/d9/5a/e7c31adbe875f2abbb91bd84cf2dc52d792b5a01506781dbcf25c91daf11/six-1.16.0-py2.py3-none-any.whl", hash = "sha256:8abb2f1d86890a2dfb989f9a77cfcfd3e47c2a354b01111771326f8aa26e0254", size = 11053 },
]

[[package]]
name = "threadloop"
version = "1.0.2"
source = { registry = "https://pypi.org/simple" }
dependencies = [
    { name = "tornado" },
]
sdist = { url = "https://files.pythonhosted.org/packages/d3/1d/8398c1645b97dc008d3c658e04beda01ede3d90943d40c8d56863cf891bd/threadloop-1.0.2.tar.gz", hash = "sha256:8b180aac31013de13c2ad5c834819771992d350267bddb854613ae77ef571944", size = 4905 }

[[package]]
name = "thrift"
version = "0.21.0"
source = { registry = "https://pypi.org/simple" }
dependencies = [
    { name = "six" },
]
sdist = { url = "https://files.pythonhosted.org/packages/33/1c/418058b4750176b638ab60b4d5a554a2969dcd2363ae458519d0f747adff/thrift-0.21.0.tar.gz", hash = "sha256:5e6f7c50f936ebfa23e924229afc95eb219f8c8e5a83202dd4a391244803e402", size = 62509 }

[[package]]
name = "tornado"
version = "6.4.1"
source = { registry = "https://pypi.org/simple" }
sdist = { url = "https://files.pythonhosted.org/packages/ee/66/398ac7167f1c7835406888a386f6d0d26ee5dbf197d8a571300be57662d3/tornado-6.4.1.tar.gz", hash = "sha256:92d3ab53183d8c50f8204a51e6f91d18a15d5ef261e84d452800d4ff6fc504e9", size = 500623 }
wheels = [
    { url = "https://files.pythonhosted.org/packages/00/d9/c33be3c1a7564f7d42d87a8d186371a75fd142097076767a5c27da941fef/tornado-6.4.1-cp38-abi3-macosx_10_9_universal2.whl", hash = "sha256:163b0aafc8e23d8cdc3c9dfb24c5368af84a81e3364745ccb4427669bf84aec8", size = 435924 },
    { url = "https://files.pythonhosted.org/packages/2e/0f/721e113a2fac2f1d7d124b3279a1da4c77622e104084f56119875019ffab/tornado-6.4.1-cp38-abi3-macosx_10_9_x86_64.whl", hash = "sha256:6d5ce3437e18a2b66fbadb183c1d3364fb03f2be71299e7d10dbeeb69f4b2a14", size = 433883 },
    { url = "https://files.pythonhosted.org/packages/13/cf/786b8f1e6fe1c7c675e79657448178ad65e41c1c9765ef82e7f6f765c4c5/tornado-6.4.1-cp38-abi3-manylinux_2_17_aarch64.manylinux2014_aarch64.whl", hash = "sha256:e2e20b9113cd7293f164dc46fffb13535266e713cdb87bd2d15ddb336e96cfc4", size = 437224 },
    { url = "https://files.pythonhosted.org/packages/e4/8e/a6ce4b8d5935558828b0f30f3afcb2d980566718837b3365d98e34f6067e/tornado-6.4.1-cp38-abi3-manylinux_2_5_i686.manylinux1_i686.manylinux_2_17_i686.manylinux2014_i686.whl", hash = "sha256:8ae50a504a740365267b2a8d1a90c9fbc86b780a39170feca9bcc1787ff80842", size = 436597 },
    { url = "https://files.pythonhosted.org/packages/22/d4/54f9d12668b58336bd30defe0307e6c61589a3e687b05c366f804b7faaf0/tornado-6.4.1-cp38-abi3-manylinux_2_5_x86_64.manylinux1_x86_64.manylinux_2_17_x86_64.manylinux2014_x86_64.whl", hash = "sha256:613bf4ddf5c7a95509218b149b555621497a6cc0d46ac341b30bd9ec19eac7f3", size = 436797 },
    { url = "https://files.pythonhosted.org/packages/cf/3f/2c792e7afa7dd8b24fad7a2ed3c2f24a5ec5110c7b43a64cb6095cc106b8/tornado-6.4.1-cp38-abi3-musllinux_1_2_aarch64.whl", hash = "sha256:25486eb223babe3eed4b8aecbac33b37e3dd6d776bc730ca14e1bf93888b979f", size = 437516 },
    { url = "https://files.pythonhosted.org/packages/71/63/c8fc62745e669ac9009044b889fc531b6f88ac0f5f183cac79eaa950bb23/tornado-6.4.1-cp38-abi3-musllinux_1_2_i686.whl", hash = "sha256:454db8a7ecfcf2ff6042dde58404164d969b6f5d58b926da15e6b23817950fc4", size = 436958 },
    { url = "https://files.pythonhosted.org/packages/94/d4/f8ac1f5bd22c15fad3b527e025ce219bd526acdbd903f52053df2baecc8b/tornado-6.4.1-cp38-abi3-musllinux_1_2_x86_64.whl", hash = "sha256:a02a08cc7a9314b006f653ce40483b9b3c12cda222d6a46d4ac63bb6c9057698", size = 436882 },
    { url = "https://files.pythonhosted.org/packages/4b/3e/a8124c21cc0bbf144d7903d2a0cadab15cadaf683fa39a0f92bc567f0d4d/tornado-6.4.1-cp38-abi3-win32.whl", hash = "sha256:d9a566c40b89757c9aa8e6f032bcdb8ca8795d7c1a9762910c722b1635c9de4d", size = 438092 },
    { url = "https://files.pythonhosted.org/packages/d9/2f/3f2f05e84a7aff787a96d5fb06821323feb370fe0baed4db6ea7b1088f32/tornado-6.4.1-cp38-abi3-win_amd64.whl", hash = "sha256:b24b8982ed444378d7f21d563f4180a2de31ced9d8d84443907a0a64da2072e7", size = 438532 },
]
